// !$*UTF8*$!
{
	archiveVersion = 1;
	classes = {
	};
	objectVersion = 50;
	objects = {

/* Begin PBXBuildFile section */
		38F70EFA2195B9B9005E65E5 /* AppDelegate.swift in Sources */ = {isa = PBXBuildFile; fileRef = 38F70EF92195B9B9005E65E5 /* AppDelegate.swift */; };
		38F70F012195B9BB005E65E5 /* Assets.xcassets in Resources */ = {isa = PBXBuildFile; fileRef = 38F70F002195B9BB005E65E5 /* Assets.xcassets */; };
		38F70F042195B9BB005E65E5 /* LaunchScreen.storyboard in Resources */ = {isa = PBXBuildFile; fileRef = 38F70F022195B9BB005E65E5 /* LaunchScreen.storyboard */; };
		38F70F112195BCA6005E65E5 /* MainCoordinator.swift in Sources */ = {isa = PBXBuildFile; fileRef = 38F70F0E2195BCA6005E65E5 /* MainCoordinator.swift */; };
		38F70F122195BCA6005E65E5 /* BaseCoordinator.swift in Sources */ = {isa = PBXBuildFile; fileRef = 38F70F0F2195BCA6005E65E5 /* BaseCoordinator.swift */; };
		38F70F132195BCA6005E65E5 /* AppCoordinator.swift in Sources */ = {isa = PBXBuildFile; fileRef = 38F70F102195BCA6005E65E5 /* AppCoordinator.swift */; };
		38F70F172195BCAF005E65E5 /* BaseViewModel.swift in Sources */ = {isa = PBXBuildFile; fileRef = 38F70F152195BCAF005E65E5 /* BaseViewModel.swift */; };
		38F70F1B2195BCB9005E65E5 /* FaceDetectViewController.swift in Sources */ = {isa = PBXBuildFile; fileRef = 38F70F182195BCB9005E65E5 /* FaceDetectViewController.swift */; };
		38F70F1C2195BCB9005E65E5 /* FaceDetectViewController.xib in Resources */ = {isa = PBXBuildFile; fileRef = 38F70F192195BCB9005E65E5 /* FaceDetectViewController.xib */; };
		38F70F202199EAE9005E65E5 /* FaceTrackingManager.swift in Sources */ = {isa = PBXBuildFile; fileRef = 38F70F1F2199EAE9005E65E5 /* FaceTrackingManager.swift */; };
		38F70F22219A1337005E65E5 /* CameraManager.swift in Sources */ = {isa = PBXBuildFile; fileRef = 38F70F21219A1337005E65E5 /* CameraManager.swift */; };
		CE53EAA4DD7E507B674B48DE /* Pods_ARWig.framework in Frameworks */ = {isa = PBXBuildFile; fileRef = E2098AF6A206BD50DAEB4790 /* Pods_ARWig.framework */; };
/* End PBXBuildFile section */

/* Begin PBXFileReference section */
		38F70EF62195B9B9005E65E5 /* ARWig.app */ = {isa = PBXFileReference; explicitFileType = wrapper.application; includeInIndex = 0; path = ARWig.app; sourceTree = BUILT_PRODUCTS_DIR; };
		38F70EF92195B9B9005E65E5 /* AppDelegate.swift */ = {isa = PBXFileReference; lastKnownFileType = sourcecode.swift; path = AppDelegate.swift; sourceTree = "<group>"; };
		38F70F002195B9BB005E65E5 /* Assets.xcassets */ = {isa = PBXFileReference; lastKnownFileType = folder.assetcatalog; path = Assets.xcassets; sourceTree = "<group>"; };
		38F70F032195B9BB005E65E5 /* Base */ = {isa = PBXFileReference; lastKnownFileType = file.storyboard; name = Base; path = Base.lproj/LaunchScreen.storyboard; sourceTree = "<group>"; };
		38F70F052195B9BB005E65E5 /* Info.plist */ = {isa = PBXFileReference; lastKnownFileType = text.plist.xml; path = Info.plist; sourceTree = "<group>"; };
		38F70F0E2195BCA6005E65E5 /* MainCoordinator.swift */ = {isa = PBXFileReference; fileEncoding = 4; lastKnownFileType = sourcecode.swift; path = MainCoordinator.swift; sourceTree = "<group>"; };
		38F70F0F2195BCA6005E65E5 /* BaseCoordinator.swift */ = {isa = PBXFileReference; fileEncoding = 4; lastKnownFileType = sourcecode.swift; path = BaseCoordinator.swift; sourceTree = "<group>"; };
		38F70F102195BCA6005E65E5 /* AppCoordinator.swift */ = {isa = PBXFileReference; fileEncoding = 4; lastKnownFileType = sourcecode.swift; path = AppCoordinator.swift; sourceTree = "<group>"; };
		38F70F152195BCAF005E65E5 /* BaseViewModel.swift */ = {isa = PBXFileReference; fileEncoding = 4; lastKnownFileType = sourcecode.swift; path = BaseViewModel.swift; sourceTree = "<group>"; };
		38F70F182195BCB9005E65E5 /* FaceDetectViewController.swift */ = {isa = PBXFileReference; fileEncoding = 4; lastKnownFileType = sourcecode.swift; path = FaceDetectViewController.swift; sourceTree = "<group>"; };
		38F70F192195BCB9005E65E5 /* FaceDetectViewController.xib */ = {isa = PBXFileReference; fileEncoding = 4; lastKnownFileType = file.xib; path = FaceDetectViewController.xib; sourceTree = "<group>"; };
		38F70F1F2199EAE9005E65E5 /* FaceTrackingManager.swift */ = {isa = PBXFileReference; lastKnownFileType = sourcecode.swift; path = FaceTrackingManager.swift; sourceTree = "<group>"; };
		38F70F21219A1337005E65E5 /* CameraManager.swift */ = {isa = PBXFileReference; lastKnownFileType = sourcecode.swift; path = CameraManager.swift; sourceTree = "<group>"; };
		9BFAFEB42C39C7722F7E664E /* Pods-ARWig.debug.xcconfig */ = {isa = PBXFileReference; includeInIndex = 1; lastKnownFileType = text.xcconfig; name = "Pods-ARWig.debug.xcconfig"; path = "Pods/Target Support Files/Pods-ARWig/Pods-ARWig.debug.xcconfig"; sourceTree = "<group>"; };
		E2098AF6A206BD50DAEB4790 /* Pods_ARWig.framework */ = {isa = PBXFileReference; explicitFileType = wrapper.framework; includeInIndex = 0; path = Pods_ARWig.framework; sourceTree = BUILT_PRODUCTS_DIR; };
		E63A787C06E0DFAFB5CED735 /* Pods-ARWig.release.xcconfig */ = {isa = PBXFileReference; includeInIndex = 1; lastKnownFileType = text.xcconfig; name = "Pods-ARWig.release.xcconfig"; path = "Pods/Target Support Files/Pods-ARWig/Pods-ARWig.release.xcconfig"; sourceTree = "<group>"; };
/* End PBXFileReference section */

/* Begin PBXFrameworksBuildPhase section */
		38F70EF32195B9B9005E65E5 /* Frameworks */ = {
			isa = PBXFrameworksBuildPhase;
			buildActionMask = 2147483647;
			files = (
				CE53EAA4DD7E507B674B48DE /* Pods_ARWig.framework in Frameworks */,
			);
			runOnlyForDeploymentPostprocessing = 0;
		};
/* End PBXFrameworksBuildPhase section */

/* Begin PBXGroup section */
		38F70EED2195B9B9005E65E5 = {
			isa = PBXGroup;
			children = (
				38F70EF82195B9B9005E65E5 /* ARWig */,
				38F70EF72195B9B9005E65E5 /* Products */,
				81F093B370384E59035EE3BA /* Pods */,
				796B15DD6E4784B78C6039BB /* Frameworks */,
			);
			sourceTree = "<group>";
		};
		38F70EF72195B9B9005E65E5 /* Products */ = {
			isa = PBXGroup;
			children = (
				38F70EF62195B9B9005E65E5 /* ARWig.app */,
			);
			name = Products;
			sourceTree = "<group>";
		};
		38F70EF82195B9B9005E65E5 /* ARWig */ = {
			isa = PBXGroup;
			children = (
				38F70F1E2199EA84005E65E5 /* Managers */,
				38F70F0D2195BC36005E65E5 /* Coordinators */,
				38F70F0C2195BC32005E65E5 /* Shared */,
				38F70F0B2195BC28005E65E5 /* View Controllers */,
				38F70EF92195B9B9005E65E5 /* AppDelegate.swift */,
				38F70F002195B9BB005E65E5 /* Assets.xcassets */,
				38F70F022195B9BB005E65E5 /* LaunchScreen.storyboard */,
				38F70F052195B9BB005E65E5 /* Info.plist */,
			);
			path = ARWig;
			sourceTree = "<group>";
		};
		38F70F0B2195BC28005E65E5 /* View Controllers */ = {
			isa = PBXGroup;
			children = (
				38F70F182195BCB9005E65E5 /* FaceDetectViewController.swift */,
				38F70F192195BCB9005E65E5 /* FaceDetectViewController.xib */,
			);
			path = "View Controllers";
			sourceTree = "<group>";
		};
		38F70F0C2195BC32005E65E5 /* Shared */ = {
			isa = PBXGroup;
			children = (
				38F70F152195BCAF005E65E5 /* BaseViewModel.swift */,
			);
			path = Shared;
			sourceTree = "<group>";
		};
		38F70F0D2195BC36005E65E5 /* Coordinators */ = {
			isa = PBXGroup;
			children = (
				38F70F102195BCA6005E65E5 /* AppCoordinator.swift */,
				38F70F0F2195BCA6005E65E5 /* BaseCoordinator.swift */,
				38F70F0E2195BCA6005E65E5 /* MainCoordinator.swift */,
			);
			path = Coordinators;
			sourceTree = "<group>";
		};
		38F70F1E2199EA84005E65E5 /* Managers */ = {
			isa = PBXGroup;
			children = (
				38F70F1F2199EAE9005E65E5 /* FaceTrackingManager.swift */,
				38F70F21219A1337005E65E5 /* CameraManager.swift */,
			);
			path = Managers;
			sourceTree = "<group>";
		};
		796B15DD6E4784B78C6039BB /* Frameworks */ = {
			isa = PBXGroup;
			children = (
				E2098AF6A206BD50DAEB4790 /* Pods_ARWig.framework */,
			);
			name = Frameworks;
			sourceTree = "<group>";
		};
		81F093B370384E59035EE3BA /* Pods */ = {
			isa = PBXGroup;
			children = (
				9BFAFEB42C39C7722F7E664E /* Pods-ARWig.debug.xcconfig */,
				E63A787C06E0DFAFB5CED735 /* Pods-ARWig.release.xcconfig */,
			);
			name = Pods;
			sourceTree = "<group>";
		};
/* End PBXGroup section */

/* Begin PBXNativeTarget section */
		38F70EF52195B9B9005E65E5 /* ARWig */ = {
			isa = PBXNativeTarget;
			buildConfigurationList = 38F70F082195B9BB005E65E5 /* Build configuration list for PBXNativeTarget "ARWig" */;
			buildPhases = (
				37C56112FE763E1754AB5B8F /* [CP] Check Pods Manifest.lock */,
				38F70EF22195B9B9005E65E5 /* Sources */,
				38F70EF32195B9B9005E65E5 /* Frameworks */,
				38F70EF42195B9B9005E65E5 /* Resources */,
				517641133E2BF9E5F2EA454C /* [CP] Embed Pods Frameworks */,
			);
			buildRules = (
			);
			dependencies = (
			);
			name = ARWig;
			productName = ARWig;
			productReference = 38F70EF62195B9B9005E65E5 /* ARWig.app */;
			productType = "com.apple.product-type.application";
		};
/* End PBXNativeTarget section */

/* Begin PBXProject section */
		38F70EEE2195B9B9005E65E5 /* Project object */ = {
			isa = PBXProject;
			attributes = {
				LastSwiftUpdateCheck = 1010;
				LastUpgradeCheck = 1010;
				ORGANIZATIONNAME = "Hattrick It";
				TargetAttributes = {
					38F70EF52195B9B9005E65E5 = {
						CreatedOnToolsVersion = 10.1;
					};
				};
			};
			buildConfigurationList = 38F70EF12195B9B9005E65E5 /* Build configuration list for PBXProject "ARWig" */;
			compatibilityVersion = "Xcode 9.3";
			developmentRegion = en;
			hasScannedForEncodings = 0;
			knownRegions = (
				en,
				Base,
			);
			mainGroup = 38F70EED2195B9B9005E65E5;
			productRefGroup = 38F70EF72195B9B9005E65E5 /* Products */;
			projectDirPath = "";
			projectRoot = "";
			targets = (
				38F70EF52195B9B9005E65E5 /* ARWig */,
			);
		};
/* End PBXProject section */

/* Begin PBXResourcesBuildPhase section */
		38F70EF42195B9B9005E65E5 /* Resources */ = {
			isa = PBXResourcesBuildPhase;
			buildActionMask = 2147483647;
			files = (
				38F70F042195B9BB005E65E5 /* LaunchScreen.storyboard in Resources */,
				38F70F012195B9BB005E65E5 /* Assets.xcassets in Resources */,
				38F70F1C2195BCB9005E65E5 /* FaceDetectViewController.xib in Resources */,
			);
			runOnlyForDeploymentPostprocessing = 0;
		};
/* End PBXResourcesBuildPhase section */

/* Begin PBXShellScriptBuildPhase section */
		37C56112FE763E1754AB5B8F /* [CP] Check Pods Manifest.lock */ = {
			isa = PBXShellScriptBuildPhase;
			buildActionMask = 2147483647;
			files = (
			);
			inputPaths = (
				"${PODS_PODFILE_DIR_PATH}/Podfile.lock",
				"${PODS_ROOT}/Manifest.lock",
			);
			name = "[CP] Check Pods Manifest.lock";
			outputPaths = (
				"$(DERIVED_FILE_DIR)/Pods-ARWig-checkManifestLockResult.txt",
			);
			runOnlyForDeploymentPostprocessing = 0;
			shellPath = /bin/sh;
			shellScript = "diff \"${PODS_PODFILE_DIR_PATH}/Podfile.lock\" \"${PODS_ROOT}/Manifest.lock\" > /dev/null\nif [ $? != 0 ] ; then\n    # print error to STDERR\n    echo \"error: The sandbox is not in sync with the Podfile.lock. Run 'pod install' or update your CocoaPods installation.\" >&2\n    exit 1\nfi\n# This output is used by Xcode 'outputs' to avoid re-running this script phase.\necho \"SUCCESS\" > \"${SCRIPT_OUTPUT_FILE_0}\"\n";
			showEnvVarsInLog = 0;
		};
		517641133E2BF9E5F2EA454C /* [CP] Embed Pods Frameworks */ = {
			isa = PBXShellScriptBuildPhase;
			buildActionMask = 2147483647;
			files = (
			);
			inputPaths = (
				"${SRCROOT}/Pods/Target Support Files/Pods-ARWig/Pods-ARWig-frameworks.sh",
				"${BUILT_PRODUCTS_DIR}/RxCocoa/RxCocoa.framework",
				"${BUILT_PRODUCTS_DIR}/RxSwift/RxSwift.framework",
			);
			name = "[CP] Embed Pods Frameworks";
			outputPaths = (
				"${TARGET_BUILD_DIR}/${FRAMEWORKS_FOLDER_PATH}/RxCocoa.framework",
				"${TARGET_BUILD_DIR}/${FRAMEWORKS_FOLDER_PATH}/RxSwift.framework",
			);
			runOnlyForDeploymentPostprocessing = 0;
			shellPath = /bin/sh;
			shellScript = "\"${SRCROOT}/Pods/Target Support Files/Pods-ARWig/Pods-ARWig-frameworks.sh\"\n";
			showEnvVarsInLog = 0;
		};
/* End PBXShellScriptBuildPhase section */

/* Begin PBXSourcesBuildPhase section */
		38F70EF22195B9B9005E65E5 /* Sources */ = {
			isa = PBXSourcesBuildPhase;
			buildActionMask = 2147483647;
			files = (
				38F70F202199EAE9005E65E5 /* FaceTrackingManager.swift in Sources */,
				38F70F132195BCA6005E65E5 /* AppCoordinator.swift in Sources */,
				38F70EFA2195B9B9005E65E5 /* AppDelegate.swift in Sources */,
				38F70F122195BCA6005E65E5 /* BaseCoordinator.swift in Sources */,
				38F70F112195BCA6005E65E5 /* MainCoordinator.swift in Sources */,
				38F70F172195BCAF005E65E5 /* BaseViewModel.swift in Sources */,
				38F70F22219A1337005E65E5 /* CameraManager.swift in Sources */,
				38F70F1B2195BCB9005E65E5 /* FaceDetectViewController.swift in Sources */,
			);
			runOnlyForDeploymentPostprocessing = 0;
		};
/* End PBXSourcesBuildPhase section */

/* Begin PBXVariantGroup section */
		38F70F022195B9BB005E65E5 /* LaunchScreen.storyboard */ = {
			isa = PBXVariantGroup;
			children = (
				38F70F032195B9BB005E65E5 /* Base */,
			);
			name = LaunchScreen.storyboard;
			sourceTree = "<group>";
		};
/* End PBXVariantGroup section */

/* Begin XCBuildConfiguration section */
		38F70F062195B9BB005E65E5 /* Debug */ = {
			isa = XCBuildConfiguration;
			buildSettings = {
				ALWAYS_SEARCH_USER_PATHS = NO;
				CLANG_ANALYZER_NONNULL = YES;
				CLANG_ANALYZER_NUMBER_OBJECT_CONVERSION = YES_AGGRESSIVE;
				CLANG_CXX_LANGUAGE_STANDARD = "gnu++14";
				CLANG_CXX_LIBRARY = "libc++";
				CLANG_ENABLE_MODULES = YES;
				CLANG_ENABLE_OBJC_ARC = YES;
				CLANG_ENABLE_OBJC_WEAK = YES;
				CLANG_WARN_BLOCK_CAPTURE_AUTORELEASING = YES;
				CLANG_WARN_BOOL_CONVERSION = YES;
				CLANG_WARN_COMMA = YES;
				CLANG_WARN_CONSTANT_CONVERSION = YES;
				CLANG_WARN_DEPRECATED_OBJC_IMPLEMENTATIONS = YES;
				CLANG_WARN_DIRECT_OBJC_ISA_USAGE = YES_ERROR;
				CLANG_WARN_DOCUMENTATION_COMMENTS = YES;
				CLANG_WARN_EMPTY_BODY = YES;
				CLANG_WARN_ENUM_CONVERSION = YES;
				CLANG_WARN_INFINITE_RECURSION = YES;
				CLANG_WARN_INT_CONVERSION = YES;
				CLANG_WARN_NON_LITERAL_NULL_CONVERSION = YES;
				CLANG_WARN_OBJC_IMPLICIT_RETAIN_SELF = YES;
				CLANG_WARN_OBJC_LITERAL_CONVERSION = YES;
				CLANG_WARN_OBJC_ROOT_CLASS = YES_ERROR;
				CLANG_WARN_RANGE_LOOP_ANALYSIS = YES;
				CLANG_WARN_STRICT_PROTOTYPES = YES;
				CLANG_WARN_SUSPICIOUS_MOVE = YES;
				CLANG_WARN_UNGUARDED_AVAILABILITY = YES_AGGRESSIVE;
				CLANG_WARN_UNREACHABLE_CODE = YES;
				CLANG_WARN__DUPLICATE_METHOD_MATCH = YES;
				CODE_SIGN_IDENTITY = "iPhone Developer";
				COPY_PHASE_STRIP = NO;
				DEBUG_INFORMATION_FORMAT = dwarf;
				ENABLE_STRICT_OBJC_MSGSEND = YES;
				ENABLE_TESTABILITY = YES;
				GCC_C_LANGUAGE_STANDARD = gnu11;
				GCC_DYNAMIC_NO_PIC = NO;
				GCC_NO_COMMON_BLOCKS = YES;
				GCC_OPTIMIZATION_LEVEL = 0;
				GCC_PREPROCESSOR_DEFINITIONS = (
					"DEBUG=1",
					"$(inherited)",
				);
				GCC_WARN_64_TO_32_BIT_CONVERSION = YES;
				GCC_WARN_ABOUT_RETURN_TYPE = YES_ERROR;
				GCC_WARN_UNDECLARED_SELECTOR = YES;
				GCC_WARN_UNINITIALIZED_AUTOS = YES_AGGRESSIVE;
				GCC_WARN_UNUSED_FUNCTION = YES;
				GCC_WARN_UNUSED_VARIABLE = YES;
				IPHONEOS_DEPLOYMENT_TARGET = 12.1;
				MTL_ENABLE_DEBUG_INFO = INCLUDE_SOURCE;
				MTL_FAST_MATH = YES;
				ONLY_ACTIVE_ARCH = YES;
				SDKROOT = iphoneos;
				SWIFT_ACTIVE_COMPILATION_CONDITIONS = DEBUG;
				SWIFT_OPTIMIZATION_LEVEL = "-Onone";
			};
			name = Debug;
		};
		38F70F072195B9BB005E65E5 /* Release */ = {
			isa = XCBuildConfiguration;
			buildSettings = {
				ALWAYS_SEARCH_USER_PATHS = NO;
				CLANG_ANALYZER_NONNULL = YES;
				CLANG_ANALYZER_NUMBER_OBJECT_CONVERSION = YES_AGGRESSIVE;
				CLANG_CXX_LANGUAGE_STANDARD = "gnu++14";
				CLANG_CXX_LIBRARY = "libc++";
				CLANG_ENABLE_MODULES = YES;
				CLANG_ENABLE_OBJC_ARC = YES;
				CLANG_ENABLE_OBJC_WEAK = YES;
				CLANG_WARN_BLOCK_CAPTURE_AUTORELEASING = YES;
				CLANG_WARN_BOOL_CONVERSION = YES;
				CLANG_WARN_COMMA = YES;
				CLANG_WARN_CONSTANT_CONVERSION = YES;
				CLANG_WARN_DEPRECATED_OBJC_IMPLEMENTATIONS = YES;
				CLANG_WARN_DIRECT_OBJC_ISA_USAGE = YES_ERROR;
				CLANG_WARN_DOCUMENTATION_COMMENTS = YES;
				CLANG_WARN_EMPTY_BODY = YES;
				CLANG_WARN_ENUM_CONVERSION = YES;
				CLANG_WARN_INFINITE_RECURSION = YES;
				CLANG_WARN_INT_CONVERSION = YES;
				CLANG_WARN_NON_LITERAL_NULL_CONVERSION = YES;
				CLANG_WARN_OBJC_IMPLICIT_RETAIN_SELF = YES;
				CLANG_WARN_OBJC_LITERAL_CONVERSION = YES;
				CLANG_WARN_OBJC_ROOT_CLASS = YES_ERROR;
				CLANG_WARN_RANGE_LOOP_ANALYSIS = YES;
				CLANG_WARN_STRICT_PROTOTYPES = YES;
				CLANG_WARN_SUSPICIOUS_MOVE = YES;
				CLANG_WARN_UNGUARDED_AVAILABILITY = YES_AGGRESSIVE;
				CLANG_WARN_UNREACHABLE_CODE = YES;
				CLANG_WARN__DUPLICATE_METHOD_MATCH = YES;
				CODE_SIGN_IDENTITY = "iPhone Developer";
				COPY_PHASE_STRIP = NO;
				DEBUG_INFORMATION_FORMAT = "dwarf-with-dsym";
				ENABLE_NS_ASSERTIONS = NO;
				ENABLE_STRICT_OBJC_MSGSEND = YES;
				GCC_C_LANGUAGE_STANDARD = gnu11;
				GCC_NO_COMMON_BLOCKS = YES;
				GCC_WARN_64_TO_32_BIT_CONVERSION = YES;
				GCC_WARN_ABOUT_RETURN_TYPE = YES_ERROR;
				GCC_WARN_UNDECLARED_SELECTOR = YES;
				GCC_WARN_UNINITIALIZED_AUTOS = YES_AGGRESSIVE;
				GCC_WARN_UNUSED_FUNCTION = YES;
				GCC_WARN_UNUSED_VARIABLE = YES;
				IPHONEOS_DEPLOYMENT_TARGET = 12.1;
				MTL_ENABLE_DEBUG_INFO = NO;
				MTL_FAST_MATH = YES;
				SDKROOT = iphoneos;
				SWIFT_COMPILATION_MODE = wholemodule;
				SWIFT_OPTIMIZATION_LEVEL = "-O";
				VALIDATE_PRODUCT = YES;
			};
			name = Release;
		};
		38F70F092195B9BB005E65E5 /* Debug */ = {
			isa = XCBuildConfiguration;
			baseConfigurationReference = 9BFAFEB42C39C7722F7E664E /* Pods-ARWig.debug.xcconfig */;
			buildSettings = {
				ASSETCATALOG_COMPILER_APPICON_NAME = AppIcon;
				CODE_SIGN_STYLE = Automatic;
				DEVELOPMENT_TEAM = S84RM8A475;
				INFOPLIST_FILE = ARWig/Info.plist;
				IPHONEOS_DEPLOYMENT_TARGET = 12.0;
				LD_RUNPATH_SEARCH_PATHS = (
					"$(inherited)",
					"@executable_path/Frameworks",
				);
				PRODUCT_BUNDLE_IDENTIFIER = "com.hattrick-it.ARWig";
				PRODUCT_NAME = "$(TARGET_NAME)";
				SWIFT_VERSION = 4.2;
				TARGETED_DEVICE_FAMILY = "1,2";
			};
			name = Debug;
		};
		38F70F0A2195B9BB005E65E5 /* Release */ = {
			isa = XCBuildConfiguration;
			baseConfigurationReference = E63A787C06E0DFAFB5CED735 /* Pods-ARWig.release.xcconfig */;
			buildSettings = {
				ASSETCATALOG_COMPILER_APPICON_NAME = AppIcon;
				CODE_SIGN_STYLE = Automatic;
				DEVELOPMENT_TEAM = S84RM8A475;
				INFOPLIST_FILE = ARWig/Info.plist;
				IPHONEOS_DEPLOYMENT_TARGET = 12.0;
				LD_RUNPATH_SEARCH_PATHS = (
					"$(inherited)",
					"@executable_path/Frameworks",
				);
				PRODUCT_BUNDLE_IDENTIFIER = "com.hattrick-it.ARWig";
				PRODUCT_NAME = "$(TARGET_NAME)";
				SWIFT_VERSION = 4.2;
				TARGETED_DEVICE_FAMILY = "1,2";
			};
			name = Release;
		};
/* End XCBuildConfiguration section */

/* Begin XCConfigurationList section */
		38F70EF12195B9B9005E65E5 /* Build configuration list for PBXProject "ARWig" */ = {
			isa = XCConfigurationList;
			buildConfigurations = (
				38F70F062195B9BB005E65E5 /* Debug */,
				38F70F072195B9BB005E65E5 /* Release */,
			);
			defaultConfigurationIsVisible = 0;
			defaultConfigurationName = Release;
		};
		38F70F082195B9BB005E65E5 /* Build configuration list for PBXNativeTarget "ARWig" */ = {
			isa = XCConfigurationList;
			buildConfigurations = (
				38F70F092195B9BB005E65E5 /* Debug */,
				38F70F0A2195B9BB005E65E5 /* Release */,
			);
			defaultConfigurationIsVisible = 0;
			defaultConfigurationName = Release;
		};
/* End XCConfigurationList section */
	};
	rootObject = 38F70EEE2195B9B9005E65E5 /* Project object */;
}
